
Microsoft Visual Studio Solution File, Format Version 12.00
# Visual Studio Version 17
VisualStudioVersion = 17.0.31903.59
MinimumVisualStudioVersion = 10.0.40219.1
Project("{2150E333-8FDC-42A3-9474-1A3956D46DE8}") = "src", "src", "{9348AD36-7B5B-4532-BBC3-319B045D34DD}"
EndProject
Project("{FAE04EC0-301F-11D3-BF4B-00C04F79EFBC}") = "MRS.WindowsBuilder", "src\MRS.WindowsBuilder\MRS.WindowsBuilder.csproj", "{86B7BC5C-7EFC-400F-A7A2-654EE07C32D8}"
EndProject
Project("{FAE04EC0-301F-11D3-BF4B-00C04F79EFBC}") = "MRS.DismEngine", "src\MRS.DismEngine\MRS.DismEngine.csproj", "{A35A6926-569D-41D7-83DB-51DC1FF2ED36}"
EndProject
Project("{FAE04EC0-301F-11D3-BF4B-00C04F79EFBC}") = "MRS.ImageEngine", "src\MRS.ImageEngine\MRS.ImageEngine.csproj", "{B3E5EE93-6A50-4A01-80BB-C8316EC02A13}"
EndProject
Project("{FAE04EC0-301F-11D3-BF4B-00C04F79EFBC}") = "MRS.ComponentCatalog", "src\MRS.ComponentCatalog\MRS.ComponentCatalog.csproj", "{C86F6FBC-8206-407E-A50E-847290202020}"
EndProject
Project("{FAE04EC0-301F-11D3-BF4B-00C04F79EFBC}") = "MRS.ProfileEngine", "src\MRS.ProfileEngine\MRS.ProfileEngine.csproj", "{0EA7A3A4-7751-4BC9-9C82-04E8A2F6174F}"
EndProject
Project("{FAE04EC0-301F-11D3-BF4B-00C04F79EFBC}") = "MRS.PostInstall", "src\MRS.PostInstall\MRS.PostInstall.csproj", "{C317A30A-8B03-4F96-B87E-CFEB7E1DF290}"
EndProject
Project("{FAE04EC0-301F-11D3-BF4B-00C04F79EFBC}") = "MRS.ISOEngine", "src\MRS.ISOEngine\MRS.ISOEngine.csproj", "{254C9FD1-48C2-4501-A8DC-20B59283C36C}"
EndProject
Project("{2150E333-8FDC-42A3-9474-1A3956D46DE8}") = "tests", "tests", "{A4684085-420F-484E-A350-654AFC94F2DF}"
EndProject
Project("{FAE04EC0-301F-11D3-BF4B-00C04F79EFBC}") = "MRS.ImageEngine.Tests", "tests\MRS.ImageEngine.Tests\MRS.ImageEngine.Tests.csproj", "{F64EA19E-B301-45CA-AAFD-56ADCCBBF287}"
EndProject
Project("{FAE04EC0-301F-11D3-BF4B-00C04F79EFBC}") = "MRS.ComponentCatalog.Tests", "tests\MRS.ComponentCatalog.Tests\MRS.ComponentCatalog.Tests.csproj", "{1ECF9399-8CAF-4DA2-B78A-CA6C5295C298}"
EndProject
Project("{FAE04EC0-301F-11D3-BF4B-00C04F79EFBC}") = "MRS.RemovalPlanning", "src\MRS.RemovalPlanning\MRS.RemovalPlanning.csproj", "{E2F0AEB1-1BCB-4116-86FD-202192A75B76}"
EndProject
Project("{FAE04EC0-301F-11D3-BF4B-00C04F79EFBC}") = "MRS.RemovalPlanning.Tests", "tests\MRS.RemovalPlanning.Tests\MRS.RemovalPlanning.Tests.csproj", "{73B5E857-35EC-4C49-9B9F-DF95F5334CD4}"
EndProject
Project("{FAE04EC0-301F-11D3-BF4B-00C04F79EFBC}") = "MRS.RemovalEngine", "src\MRS.RemovalEngine\MRS.RemovalEngine.csproj", "{B4215B3B-D658-4040-96EA-9E78A3F71E95}"
EndProject
Project("{FAE04EC0-301F-11D3-BF4B-00C04F79EFBC}") = "MRS.RemovalEngine.Tests", "tests\MRS.RemovalEngine.Tests\MRS.RemovalEngine.Tests.csproj", "{71E017D9-700E-472B-9306-6AF684846410}"
EndProject
Project("{FAE04EC0-301F-11D3-BF4B-00C04F79EFBC}") = "MRS.ProfileEngine.Tests", "tests\MRS.ProfileEngine.Tests\MRS.ProfileEngine.Tests.csproj", "{6F45647A-94C1-474B-9EF3-453971DFA025}"
EndProject
Global
	GlobalSection(SolutionConfigurationPlatforms) = preSolution
		Debug|Any CPU = Debug|Any CPU
		Release|Any CPU = Release|Any CPU
	EndGlobalSection
	GlobalSection(SolutionProperties) = preSolution
		HideSolutionNode = FALSE
	EndGlobalSection
	GlobalSection(ProjectConfigurationPlatforms) = postSolution
		{86B7BC5C-7EFC-400F-A7A2-654EE07C32D8}.Debug|Any CPU.ActiveCfg = Debug|Any CPU
		{86B7BC5C-7EFC-400F-A7A2-654EE07C32D8}.Debug|Any CPU.Build.0 = Debug|Any CPU
		{86B7BC5C-7EFC-400F-A7A2-654EE07C32D8}.Release|Any CPU.ActiveCfg = Release|Any CPU
		{86B7BC5C-7EFC-400F-A7A2-654EE07C32D8}.Release|Any CPU.Build.0 = Release|Any CPU
		{A35A6926-569D-41D7-83DB-51DC1FF2ED36}.Debug|Any CPU.ActiveCfg = Debug|Any CPU
		{A35A6926-569D-41D7-83DB-51DC1FF2ED36}.Debug|Any CPU.Build.0 = Debug|Any CPU
		{A35A6926-569D-41D7-83DB-51DC1FF2ED36}.Release|Any CPU.ActiveCfg = Release|Any CPU
		{A35A6926-569D-41D7-83DB-51DC1FF2ED36}.Release|Any CPU.Build.0 = Release|Any CPU
		{B3E5EE93-6A50-4A01-80BB-C8316EC02A13}.Debug|Any CPU.ActiveCfg = Debug|Any CPU
		{B3E5EE93-6A50-4A01-80BB-C8316EC02A13}.Debug|Any CPU.Build.0 = Debug|Any CPU
		{B3E5EE93-6A50-4A01-80BB-C8316EC02A13}.Release|Any CPU.ActiveCfg = Release|Any CPU
		{B3E5EE93-6A50-4A01-80BB-C8316EC02A13}.Release|Any CPU.Build.0 = Release|Any CPU
		{C86F6FBC-8206-407E-A50E-847290202020}.Debug|Any CPU.ActiveCfg = Debug|Any CPU
		{C86F6FBC-8206-407E-A50E-847290202020}.Debug|Any CPU.Build.0 = Debug|Any CPU
		{C86F6FBC-8206-407E-A50E-847290202020}.Release|Any CPU.ActiveCfg = Release|Any CPU
		{C86F6FBC-8206-407E-A50E-847290202020}.Release|Any CPU.Build.0 = Release|Any CPU
		{0EA7A3A4-7751-4BC9-9C82-04E8A2F6174F}.Debug|Any CPU.ActiveCfg = Debug|Any CPU
		{0EA7A3A4-7751-4BC9-9C82-04E8A2F6174F}.Debug|Any CPU.Build.0 = Debug|Any CPU
		{0EA7A3A4-7751-4BC9-9C82-04E8A2F6174F}.Release|Any CPU.ActiveCfg = Release|Any CPU
		{0EA7A3A4-7751-4BC9-9C82-04E8A2F6174F}.Release|Any CPU.Build.0 = Release|Any CPU
		{C317A30A-8B03-4F96-B87E-CFEB7E1DF290}.Debug|Any CPU.ActiveCfg = Debug|Any CPU
		{C317A30A-8B03-4F96-B87E-CFEB7E1DF290}.Debug|Any CPU.Build.0 = Debug|Any CPU
		{C317A30A-8B03-4F96-B87E-CFEB7E1DF290}.Release|Any CPU.ActiveCfg = Release|Any CPU
		{C317A30A-8B03-4F96-B87E-CFEB7E1DF290}.Release|Any CPU.Build.0 = Release|Any CPU
		{254C9FD1-48C2-4501-A8DC-20B59283C36C}.Debug|Any CPU.ActiveCfg = Debug|Any CPU
		{254C9FD1-48C2-4501-A8DC-20B59283C36C}.Debug|Any CPU.Build.0 = Debug|Any CPU
		{254C9FD1-48C2-4501-A8DC-20B59283C36C}.Release|Any CPU.ActiveCfg = Release|Any CPU
		{254C9FD1-48C2-4501-A8DC-20B59283C36C}.Release|Any CPU.Build.0 = Release|Any CPU
		{F64EA19E-B301-45CA-AAFD-56ADCCBBF287}.Debug|Any CPU.ActiveCfg = Debug|Any CPU
		{F64EA19E-B301-45CA-AAFD-56ADCCBBF287}.Debug|Any CPU.Build.0 = Debug|Any CPU
		{F64EA19E-B301-45CA-AAFD-56ADCCBBF287}.Release|Any CPU.ActiveCfg = Release|Any CPU
		{F64EA19E-B301-45CA-AAFD-56ADCCBBF287}.Release|Any CPU.Build.0 = Release|Any CPU
		{1ECF9399-8CAF-4DA2-B78A-CA6C5295C298}.Debug|Any CPU.ActiveCfg = Debug|Any CPU
		{1ECF9399-8CAF-4DA2-B78A-CA6C5295C298}.Debug|Any CPU.Build.0 = Debug|Any CPU
		{1ECF9399-8CAF-4DA2-B78A-CA6C5295C298}.Release|Any CPU.ActiveCfg = Release|Any CPU
		{1ECF9399-8CAF-4DA2-B78A-CA6C5295C298}.Release|Any CPU.Build.0 = Release|Any CPU
		{E2F0AEB1-1BCB-4116-86FD-202192A75B76}.Debug|Any CPU.ActiveCfg = Debug|Any CPU
		{E2F0AEB1-1BCB-4116-86FD-202192A75B76}.Debug|Any CPU.Build.0 = Debug|Any CPU
		{E2F0AEB1-1BCB-4116-86FD-202192A75B76}.Release|Any CPU.ActiveCfg = Release|Any CPU
		{E2F0AEB1-1BCB-4116-86FD-202192A75B76}.Release|Any CPU.Build.0 = Release|Any CPU
		{73B5E857-35EC-4C49-9B9F-DF95F5334CD4}.Debug|Any CPU.ActiveCfg = Debug|Any CPU
		{73B5E857-35EC-4C49-9B9F-DF95F5334CD4}.Debug|Any CPU.Build.0 = Debug|Any CPU
		{73B5E857-35EC-4C49-9B9F-DF95F5334CD4}.Release|Any CPU.ActiveCfg = Release|Any CPU
		{73B5E857-35EC-4C49-9B9F-DF95F5334CD4}.Release|Any CPU.Build.0 = Release|Any CPU
		{B4215B3B-D658-4040-96EA-9E78A3F71E95}.Debug|Any CPU.ActiveCfg = Debug|Any CPU
		{B4215B3B-D658-4040-96EA-9E78A3F71E95}.Debug|Any CPU.Build.0 = Debug|Any CPU
		{B4215B3B-D658-4040-96EA-9E78A3F71E95}.Release|Any CPU.ActiveCfg = Release|Any CPU
		{B4215B3B-D658-4040-96EA-9E78A3F71E95}.Release|Any CPU.Build.0 = Release|Any CPU
		{71E017D9-700E-472B-9306-6AF684846410}.Debug|Any CPU.ActiveCfg = Debug|Any CPU
		{71E017D9-700E-472B-9306-6AF684846410}.Debug|Any CPU.Build.0 = Debug|Any CPU
		{71E017D9-700E-472B-9306-6AF684846410}.Release|Any CPU.ActiveCfg = Release|Any CPU
		{71E017D9-700E-472B-9306-6AF684846410}.Release|Any CPU.Build.0 = Release|Any CPU
		{6F45647A-94C1-474B-9EF3-453971DFA025}.Debug|Any CPU.ActiveCfg = Debug|Any CPU
		{6F45647A-94C1-474B-9EF3-453971DFA025}.Debug|Any CPU.Build.0 = Debug|Any CPU
		{6F45647A-94C1-474B-9EF3-453971DFA025}.Release|Any CPU.ActiveCfg = Release|Any CPU
		{6F45647A-94C1-474B-9EF3-453971DFA025}.Release|Any CPU.Build.0 = Release|Any CPU
	EndGlobalSection
	GlobalSection(NestedProjects) = preSolution
		{86B7BC5C-7EFC-400F-A7A2-654EE07C32D8} = {9348AD36-7B5B-4532-BBC3-319B045D34DD}
		{A35A6926-569D-41D7-83DB-51DC1FF2ED36} = {9348AD36-7B5B-4532-BBC3-319B045D34DD}
		{B3E5EE93-6A50-4A01-80BB-C8316EC02A13} = {9348AD36-7B5B-4532-BBC3-319B045D34DD}
		{C86F6FBC-8206-407E-A50E-847290202020} = {9348AD36-7B5B-4532-BBC3-319B045D34DD}
		{0EA7A3A4-7751-4BC9-9C82-04E8A2F6174F} = {9348AD36-7B5B-4532-BBC3-319B045D34DD}
		{C317A30A-8B03-4F96-B87E-CFEB7E1DF290} = {9348AD36-7B5B-4532-BBC3-319B045D34DD}
		{254C9FD1-48C2-4501-A8DC-20B59283C36C} = {9348AD36-7B5B-4532-BBC3-319B045D34DD}
		{F64EA19E-B301-45CA-AAFD-56ADCCBBF287} = {A4684085-420F-484E-A350-654AFC94F2DF}
		{1ECF9399-8CAF-4DA2-B78A-CA6C5295C298} = {A4684085-420F-484E-A350-654AFC94F2DF}
		{E2F0AEB1-1BCB-4116-86FD-202192A75B76} = {9348AD36-7B5B-4532-BBC3-319B045D34DD}
		{73B5E857-35EC-4C49-9B9F-DF95F5334CD4} = {A4684085-420F-484E-A350-654AFC94F2DF}
		{B4215B3B-D658-4040-96EA-9E78A3F71E95} = {9348AD36-7B5B-4532-BBC3-319B045D34DD}
		{71E017D9-700E-472B-9306-6AF684846410} = {A4684085-420F-484E-A350-654AFC94F2DF}
		{6F45647A-94C1-474B-9EF3-453971DFA025} = {A4684085-420F-484E-A350-654AFC94F2DF}
	EndGlobalSection
EndGlobal
